# THIS IS AN AUTOGENERATED FILE. DO NOT EDIT THIS FILE DIRECTLY.
# yarn lockfile v1


"@nomicfoundation/hardhat-toolbox@^6.1.0":
  version "6.1.0"
  resolved "https://repo.huaweicloud.com/repository/npm/@nomicfoundation/hardhat-toolbox/-/hardhat-toolbox-6.1.0.tgz#946b95983c308610c649513ec4e73736fe1318d8"
  integrity sha512-iAIl6pIK3F4R3JXeq+b6tiShXUrp1sQRiPfqoCMUE7QLUzoFifzGV97IDRL6e73pWsMKpUQBsHBvTCsqn+ZdpA==

"@openzeppelin/contracts@^5.4.0":
  version "5.4.0"
  resolved "https://repo.huaweicloud.com/repository/npm/@openzeppelin/contracts/-/contracts-5.4.0.tgz#177594bdb2d86c71f5d1052fe40cb4edb95fb20f"
  integrity sha512-eCYgWnLg6WO+X52I16TZt8uEjbtdkgLC0SUX/xnAksjjrQI4Xfn4iBRoI5j55dmlOhDv1Y7BoR3cU7e3WWhC6A==

openzeppelin-contracts@^4.0.0:
  version "4.0.0"
  resolved "https://repo.huaweicloud.com/repository/npm/openzeppelin-contracts/-/openzeppelin-contracts-4.0.0.tgz#3b56ae3c5f6a59eaca2eacf935e3ebc18a59cd78"
  integrity sha512-SlBeiWSJKhX9EY2Nlgev4P/LMBWWSk6wL+eqikAe9gODpxrQwLOx4Rw3vyHuJaChrUTlGyR4Gl1NqJMw0J15eQ==
